
Microsoft Visual Studio Solution File, Format Version 12.00
# Visual Studio Version 17
VisualStudioVersion = 17.5.33516.290
MinimumVisualStudioVersion = 10.0.40219.1
Project("{9A19103F-16F7-4668-BE54-9A1E7A4F7556}") = "Shop_Wasm", "Shop_Wasm\Shop_Wasm.csproj", "{39FA5C43-2CA7-4196-8BEF-A7D14492CBB1}"
EndProject
Project("{9A19103F-16F7-4668-BE54-9A1E7A4F7556}") = "Shop.API", "Shop.API\Shop.API.csproj", "{11395D0A-3303-40D4-BCA2-732C6872B293}"
EndProject
Project("{9A19103F-16F7-4668-BE54-9A1E7A4F7556}") = "Web.DAL", "Web.DAL\Web.DAL.csproj", "{6CE47B91-A272-448F-9620-A45425393E2D}"
EndProject
Project("{9A19103F-16F7-4668-BE54-9A1E7A4F7556}") = "Web.BLL", "Web.BUS\Web.BLL.csproj", "{C55146D6-3D8B-4BD5-A152-71D10ECFD28F}"
EndProject
Global
	GlobalSection(SolutionConfigurationPlatforms) = preSolution
		Debug|Any CPU = Debug|Any CPU
		Release|Any CPU = Release|Any CPU
	EndGlobalSection
	GlobalSection(ProjectConfigurationPlatforms) = postSolution
		{39FA5C43-2CA7-4196-8BEF-A7D14492CBB1}.Debug|Any CPU.ActiveCfg = Debug|Any CPU
		{39FA5C43-2CA7-4196-8BEF-A7D14492CBB1}.Debug|Any CPU.Build.0 = Debug|Any CPU
		{39FA5C43-2CA7-4196-8BEF-A7D14492CBB1}.Release|Any CPU.ActiveCfg = Release|Any CPU
		{39FA5C43-2CA7-4196-8BEF-A7D14492CBB1}.Release|Any CPU.Build.0 = Release|Any CPU
		{11395D0A-3303-40D4-BCA2-732C6872B293}.Debug|Any CPU.ActiveCfg = Debug|Any CPU
		{11395D0A-3303-40D4-BCA2-732C6872B293}.Debug|Any CPU.Build.0 = Debug|Any CPU
		{11395D0A-3303-40D4-BCA2-732C6872B293}.Release|Any CPU.ActiveCfg = Release|Any CPU
		{11395D0A-3303-40D4-BCA2-732C6872B293}.Release|Any CPU.Build.0 = Release|Any CPU
		{6CE47B91-A272-448F-9620-A45425393E2D}.Debug|Any CPU.ActiveCfg = Debug|Any CPU
		{6CE47B91-A272-448F-9620-A45425393E2D}.Debug|Any CPU.Build.0 = Debug|Any CPU
		{6CE47B91-A272-448F-9620-A45425393E2D}.Release|Any CPU.ActiveCfg = Release|Any CPU
		{6CE47B91-A272-448F-9620-A45425393E2D}.Release|Any CPU.Build.0 = Release|Any CPU
		{C55146D6-3D8B-4BD5-A152-71D10ECFD28F}.Debug|Any CPU.ActiveCfg = Debug|Any CPU
		{C55146D6-3D8B-4BD5-A152-71D10ECFD28F}.Debug|Any CPU.Build.0 = Debug|Any CPU
		{C55146D6-3D8B-4BD5-A152-71D10ECFD28F}.Release|Any CPU.ActiveCfg = Release|Any CPU
		{C55146D6-3D8B-4BD5-A152-71D10ECFD28F}.Release|Any CPU.Build.0 = Release|Any CPU
	EndGlobalSection
	GlobalSection(SolutionProperties) = preSolution
		HideSolutionNode = FALSE
	EndGlobalSection
	GlobalSection(ExtensibilityGlobals) = postSolution
		SolutionGuid = {8817FB9D-D1ED-4A74-B9CB-7C8242DE0CC7}
	EndGlobalSection
EndGlobal
